// !$*UTF8*$!
{
	archiveVersion = 1;
	classes = {
	};
	objectVersion = 50;
	objects = {

/* Begin PBXBuildFile section */
		27DCB27F222C24FE00B209FB /* XYBluetoothKit.h in Headers */ = {isa = PBXBuildFile; fileRef = 27DCB271222C24FE00B209FB /* XYBluetoothKit.h */; settings = {ATTRIBUTES = (Public, ); }; };
		27DCB292222C256200B209FB /* XYBaseParser.swift in Sources */ = {isa = PBXBuildFile; fileRef = 27DCB28B222C256200B209FB /* XYBaseParser.swift */; };
		27DCB293222C256200B209FB /* XYCentralManager.swift in Sources */ = {isa = PBXBuildFile; fileRef = 27DCB28C222C256200B209FB /* XYCentralManager.swift */; };
		27DCB294222C256200B209FB /* XYCentralProxy.swift in Sources */ = {isa = PBXBuildFile; fileRef = 27DCB28D222C256200B209FB /* XYCentralProxy.swift */; };
		27DCB295222C256200B209FB /* XYConnecter.swift in Sources */ = {isa = PBXBuildFile; fileRef = 27DCB28E222C256200B209FB /* XYConnecter.swift */; };
		27DCB296222C256200B209FB /* XYDiscovery.swift in Sources */ = {isa = PBXBuildFile; fileRef = 27DCB28F222C256200B209FB /* XYDiscovery.swift */; };
		27DCB297222C256200B209FB /* XYParserSession.swift in Sources */ = {isa = PBXBuildFile; fileRef = 27DCB290222C256200B209FB /* XYParserSession.swift */; };
		27DCB298222C256200B209FB /* XYScanner.swift in Sources */ = {isa = PBXBuildFile; fileRef = 27DCB291222C256200B209FB /* XYScanner.swift */; };
/* End PBXBuildFile section */

/* Begin PBXFileReference section */
		27DCB26E222C24FE00B209FB /* XYBluetoothKit.framework */ = {isa = PBXFileReference; explicitFileType = wrapper.framework; includeInIndex = 0; path = XYBluetoothKit.framework; sourceTree = BUILT_PRODUCTS_DIR; };
		27DCB271222C24FE00B209FB /* XYBluetoothKit.h */ = {isa = PBXFileReference; lastKnownFileType = sourcecode.c.h; path = XYBluetoothKit.h; sourceTree = "<group>"; };
		27DCB272222C24FE00B209FB /* Info.plist */ = {isa = PBXFileReference; lastKnownFileType = text.plist.xml; path = Info.plist; sourceTree = "<group>"; };
		27DCB27C222C24FE00B209FB /* XYBluetoothKitTests.swift */ = {isa = PBXFileReference; lastKnownFileType = sourcecode.swift; path = XYBluetoothKitTests.swift; sourceTree = "<group>"; };
		27DCB27E222C24FE00B209FB /* Info.plist */ = {isa = PBXFileReference; lastKnownFileType = text.plist.xml; path = Info.plist; sourceTree = "<group>"; };
		27DCB28B222C256200B209FB /* XYBaseParser.swift */ = {isa = PBXFileReference; fileEncoding = 4; lastKnownFileType = sourcecode.swift; path = XYBaseParser.swift; sourceTree = "<group>"; };
		27DCB28C222C256200B209FB /* XYCentralManager.swift */ = {isa = PBXFileReference; fileEncoding = 4; lastKnownFileType = sourcecode.swift; path = XYCentralManager.swift; sourceTree = "<group>"; };
		27DCB28D222C256200B209FB /* XYCentralProxy.swift */ = {isa = PBXFileReference; fileEncoding = 4; lastKnownFileType = sourcecode.swift; path = XYCentralProxy.swift; sourceTree = "<group>"; };
		27DCB28E222C256200B209FB /* XYConnecter.swift */ = {isa = PBXFileReference; fileEncoding = 4; lastKnownFileType = sourcecode.swift; path = XYConnecter.swift; sourceTree = "<group>"; };
		27DCB28F222C256200B209FB /* XYDiscovery.swift */ = {isa = PBXFileReference; fileEncoding = 4; lastKnownFileType = sourcecode.swift; path = XYDiscovery.swift; sourceTree = "<group>"; };
		27DCB290222C256200B209FB /* XYParserSession.swift */ = {isa = PBXFileReference; fileEncoding = 4; lastKnownFileType = sourcecode.swift; path = XYParserSession.swift; sourceTree = "<group>"; };
		27DCB291222C256200B209FB /* XYScanner.swift */ = {isa = PBXFileReference; fileEncoding = 4; lastKnownFileType = sourcecode.swift; path = XYScanner.swift; sourceTree = "<group>"; };
/* End PBXFileReference section */

/* Begin PBXFrameworksBuildPhase section */
		27DCB26B222C24FE00B209FB /* Frameworks */ = {
			isa = PBXFrameworksBuildPhase;
			buildActionMask = 2147483647;
			files = (
			);
			runOnlyForDeploymentPostprocessing = 0;
		};
/* End PBXFrameworksBuildPhase section */

/* Begin PBXGroup section */
		27DCB264222C24FE00B209FB = {
			isa = PBXGroup;
			children = (
				27DCB270222C24FE00B209FB /* XYBluetoothKit */,
				27DCB27B222C24FE00B209FB /* XYBluetoothKitTests */,
				27DCB26F222C24FE00B209FB /* Products */,
			);
			sourceTree = "<group>";
		};
		27DCB26F222C24FE00B209FB /* Products */ = {
			isa = PBXGroup;
			children = (
				27DCB26E222C24FE00B209FB /* XYBluetoothKit.framework */,
			);
			name = Products;
			sourceTree = "<group>";
		};
		27DCB270222C24FE00B209FB /* XYBluetoothKit */ = {
			isa = PBXGroup;
			children = (
				27DCB28B222C256200B209FB /* XYBaseParser.swift */,
				27DCB28C222C256200B209FB /* XYCentralManager.swift */,
				27DCB28D222C256200B209FB /* XYCentralProxy.swift */,
				27DCB28E222C256200B209FB /* XYConnecter.swift */,
				27DCB28F222C256200B209FB /* XYDiscovery.swift */,
				27DCB290222C256200B209FB /* XYParserSession.swift */,
				27DCB291222C256200B209FB /* XYScanner.swift */,
				27DCB271222C24FE00B209FB /* XYBluetoothKit.h */,
				27DCB272222C24FE00B209FB /* Info.plist */,
			);
			path = XYBluetoothKit;
			sourceTree = "<group>";
		};
		27DCB27B222C24FE00B209FB /* XYBluetoothKitTests */ = {
			isa = PBXGroup;
			children = (
				27DCB27C222C24FE00B209FB /* XYBluetoothKitTests.swift */,
				27DCB27E222C24FE00B209FB /* Info.plist */,
			);
			path = XYBluetoothKitTests;
			sourceTree = "<group>";
		};
/* End PBXGroup section */

/* Begin PBXHeadersBuildPhase section */
		27DCB269222C24FE00B209FB /* Headers */ = {
			isa = PBXHeadersBuildPhase;
			buildActionMask = 2147483647;
			files = (
				27DCB27F222C24FE00B209FB /* XYBluetoothKit.h in Headers */,
			);
			runOnlyForDeploymentPostprocessing = 0;
		};
/* End PBXHeadersBuildPhase section */

/* Begin PBXNativeTarget section */
		27DCB26D222C24FE00B209FB /* XYBluetoothKit */ = {
			isa = PBXNativeTarget;
			buildConfigurationList = 27DCB282222C24FE00B209FB /* Build configuration list for PBXNativeTarget "XYBluetoothKit" */;
			buildPhases = (
				27DCB269222C24FE00B209FB /* Headers */,
				27DCB26A222C24FE00B209FB /* Sources */,
				27DCB26B222C24FE00B209FB /* Frameworks */,
				27DCB26C222C24FE00B209FB /* Resources */,
			);
			buildRules = (
			);
			dependencies = (
			);
			name = XYBluetoothKit;
			productName = XYBluetoothKit;
			productReference = 27DCB26E222C24FE00B209FB /* XYBluetoothKit.framework */;
			productType = "com.apple.product-type.framework";
		};
/* End PBXNativeTarget section */

/* Begin PBXProject section */
		27DCB265222C24FE00B209FB /* Project object */ = {
			isa = PBXProject;
			attributes = {
				LastSwiftUpdateCheck = 1010;
				LastUpgradeCheck = 1010;
				ORGANIZATIONNAME = zhong;
				TargetAttributes = {
					27DCB26D222C24FE00B209FB = {
						CreatedOnToolsVersion = 10.1;
					};
				};
			};
			buildConfigurationList = 27DCB268222C24FE00B209FB /* Build configuration list for PBXProject "XYBluetoothKit" */;
			compatibilityVersion = "Xcode 9.3";
			developmentRegion = en;
			hasScannedForEncodings = 0;
			knownRegions = (
				en,
			);
			mainGroup = 27DCB264222C24FE00B209FB;
			productRefGroup = 27DCB26F222C24FE00B209FB /* Products */;
			projectDirPath = "";
			projectRoot = "";
			targets = (
				27DCB26D222C24FE00B209FB /* XYBluetoothKit */,
			);
		};
/* End PBXProject section */

/* Begin PBXResourcesBuildPhase section */
		27DCB26C222C24FE00B209FB /* Resources */ = {
			isa = PBXResourcesBuildPhase;
			buildActionMask = 2147483647;
			files = (
			);
			runOnlyForDeploymentPostprocessing = 0;
		};
/* End PBXResourcesBuildPhase section */

/* Begin PBXSourcesBuildPhase section */
		27DCB26A222C24FE00B209FB /* Sources */ = {
			isa = PBXSourcesBuildPhase;
			buildActionMask = 2147483647;
			files = (
				27DCB295222C256200B209FB /* XYConnecter.swift in Sources */,
				27DCB294222C256200B209FB /* XYCentralProxy.swift in Sources */,
				27DCB297222C256200B209FB /* XYParserSession.swift in Sources */,
				27DCB293222C256200B209FB /* XYCentralManager.swift in Sources */,
				27DCB296222C256200B209FB /* XYDiscovery.swift in Sources */,
				27DCB292222C256200B209FB /* XYBaseParser.swift in Sources */,
				27DCB298222C256200B209FB /* XYScanner.swift in Sources */,
			);
			runOnlyForDeploymentPostprocessing = 0;
		};
/* End PBXSourcesBuildPhase section */

/* Begin XCBuildConfiguration section */
		27DCB280222C24FE00B209FB /* Debug */ = {
			isa = XCBuildConfiguration;
			buildSettings = {
				ALWAYS_SEARCH_USER_PATHS = NO;
				CLANG_ANALYZER_NONNULL = YES;
				CLANG_ANALYZER_NUMBER_OBJECT_CONVERSION = YES_AGGRESSIVE;
				CLANG_CXX_LANGUAGE_STANDARD = "gnu++14";
				CLANG_CXX_LIBRARY = "libc++";
				CLANG_ENABLE_MODULES = YES;
				CLANG_ENABLE_OBJC_ARC = YES;
				CLANG_ENABLE_OBJC_WEAK = YES;
				CLANG_WARN_BLOCK_CAPTURE_AUTORELEASING = YES;
				CLANG_WARN_BOOL_CONVERSION = YES;
				CLANG_WARN_COMMA = YES;
				CLANG_WARN_CONSTANT_CONVERSION = YES;
				CLANG_WARN_DEPRECATED_OBJC_IMPLEMENTATIONS = YES;
				CLANG_WARN_DIRECT_OBJC_ISA_USAGE = YES_ERROR;
				CLANG_WARN_DOCUMENTATION_COMMENTS = YES;
				CLANG_WARN_EMPTY_BODY = YES;
				CLANG_WARN_ENUM_CONVERSION = YES;
				CLANG_WARN_INFINITE_RECURSION = YES;
				CLANG_WARN_INT_CONVERSION = YES;
				CLANG_WARN_NON_LITERAL_NULL_CONVERSION = YES;
				CLANG_WARN_OBJC_IMPLICIT_RETAIN_SELF = YES;
				CLANG_WARN_OBJC_LITERAL_CONVERSION = YES;
				CLANG_WARN_OBJC_ROOT_CLASS = YES_ERROR;
				CLANG_WARN_RANGE_LOOP_ANALYSIS = YES;
				CLANG_WARN_STRICT_PROTOTYPES = YES;
				CLANG_WARN_SUSPICIOUS_MOVE = YES;
				CLANG_WARN_UNGUARDED_AVAILABILITY = YES_AGGRESSIVE;
				CLANG_WARN_UNREACHABLE_CODE = YES;
				CLANG_WARN__DUPLICATE_METHOD_MATCH = YES;
				CODE_SIGN_IDENTITY = "iPhone Developer";
				COPY_PHASE_STRIP = NO;
				CURRENT_PROJECT_VERSION = 1;
				DEBUG_INFORMATION_FORMAT = dwarf;
				ENABLE_STRICT_OBJC_MSGSEND = YES;
				ENABLE_TESTABILITY = YES;
				GCC_C_LANGUAGE_STANDARD = gnu11;
				GCC_DYNAMIC_NO_PIC = NO;
				GCC_NO_COMMON_BLOCKS = YES;
				GCC_OPTIMIZATION_LEVEL = 0;
				GCC_PREPROCESSOR_DEFINITIONS = (
					"DEBUG=1",
					"$(inherited)",
				);
				GCC_WARN_64_TO_32_BIT_CONVERSION = YES;
				GCC_WARN_ABOUT_RETURN_TYPE = YES_ERROR;
				GCC_WARN_UNDECLARED_SELECTOR = YES;
				GCC_WARN_UNINITIALIZED_AUTOS = YES_AGGRESSIVE;
				GCC_WARN_UNUSED_FUNCTION = YES;
				GCC_WARN_UNUSED_VARIABLE = YES;
				IPHONEOS_DEPLOYMENT_TARGET = 12.1;
				MTL_ENABLE_DEBUG_INFO = INCLUDE_SOURCE;
				MTL_FAST_MATH = YES;
				ONLY_ACTIVE_ARCH = YES;
				SDKROOT = iphoneos;
				SWIFT_ACTIVE_COMPILATION_CONDITIONS = DEBUG;
				SWIFT_OPTIMIZATION_LEVEL = "-Onone";
				VERSIONING_SYSTEM = "apple-generic";
				VERSION_INFO_PREFIX = "";
			};
			name = Debug;
		};
		27DCB281222C24FE00B209FB /* Release */ = {
			isa = XCBuildConfiguration;
			buildSettings = {
				ALWAYS_SEARCH_USER_PATHS = NO;
				CLANG_ANALYZER_NONNULL = YES;
				CLANG_ANALYZER_NUMBER_OBJECT_CONVERSION = YES_AGGRESSIVE;
				CLANG_CXX_LANGUAGE_STANDARD = "gnu++14";
				CLANG_CXX_LIBRARY = "libc++";
				CLANG_ENABLE_MODULES = YES;
				CLANG_ENABLE_OBJC_ARC = YES;
				CLANG_ENABLE_OBJC_WEAK = YES;
				CLANG_WARN_BLOCK_CAPTURE_AUTORELEASING = YES;
				CLANG_WARN_BOOL_CONVERSION = YES;
				CLANG_WARN_COMMA = YES;
				CLANG_WARN_CONSTANT_CONVERSION = YES;
				CLANG_WARN_DEPRECATED_OBJC_IMPLEMENTATIONS = YES;
				CLANG_WARN_DIRECT_OBJC_ISA_USAGE = YES_ERROR;
				CLANG_WARN_DOCUMENTATION_COMMENTS = YES;
				CLANG_WARN_EMPTY_BODY = YES;
				CLANG_WARN_ENUM_CONVERSION = YES;
				CLANG_WARN_INFINITE_RECURSION = YES;
				CLANG_WARN_INT_CONVERSION = YES;
				CLANG_WARN_NON_LITERAL_NULL_CONVERSION = YES;
				CLANG_WARN_OBJC_IMPLICIT_RETAIN_SELF = YES;
				CLANG_WARN_OBJC_LITERAL_CONVERSION = YES;
				CLANG_WARN_OBJC_ROOT_CLASS = YES_ERROR;
				CLANG_WARN_RANGE_LOOP_ANALYSIS = YES;
				CLANG_WARN_STRICT_PROTOTYPES = YES;
				CLANG_WARN_SUSPICIOUS_MOVE = YES;
				CLANG_WARN_UNGUARDED_AVAILABILITY = YES_AGGRESSIVE;
				CLANG_WARN_UNREACHABLE_CODE = YES;
				CLANG_WARN__DUPLICATE_METHOD_MATCH = YES;
				CODE_SIGN_IDENTITY = "iPhone Developer";
				COPY_PHASE_STRIP = NO;
				CURRENT_PROJECT_VERSION = 1;
				DEBUG_INFORMATION_FORMAT = "dwarf-with-dsym";
				ENABLE_NS_ASSERTIONS = NO;
				ENABLE_STRICT_OBJC_MSGSEND = YES;
				GCC_C_LANGUAGE_STANDARD = gnu11;
				GCC_NO_COMMON_BLOCKS = YES;
				GCC_WARN_64_TO_32_BIT_CONVERSION = YES;
				GCC_WARN_ABOUT_RETURN_TYPE = YES_ERROR;
				GCC_WARN_UNDECLARED_SELECTOR = YES;
				GCC_WARN_UNINITIALIZED_AUTOS = YES_AGGRESSIVE;
				GCC_WARN_UNUSED_FUNCTION = YES;
				GCC_WARN_UNUSED_VARIABLE = YES;
				IPHONEOS_DEPLOYMENT_TARGET = 12.1;
				MTL_ENABLE_DEBUG_INFO = NO;
				MTL_FAST_MATH = YES;
				SDKROOT = iphoneos;
				SWIFT_COMPILATION_MODE = wholemodule;
				SWIFT_OPTIMIZATION_LEVEL = "-O";
				VALIDATE_PRODUCT = YES;
				VERSIONING_SYSTEM = "apple-generic";
				VERSION_INFO_PREFIX = "";
			};
			name = Release;
		};
		27DCB283222C24FE00B209FB /* Debug */ = {
			isa = XCBuildConfiguration;
			buildSettings = {
				CODE_SIGN_IDENTITY = "";
				CODE_SIGN_STYLE = Automatic;
				DEFINES_MODULE = YES;
				DEPLOYMENT_POSTPROCESSING = YES;
				DYLIB_COMPATIBILITY_VERSION = 1;
				DYLIB_CURRENT_VERSION = 1;
				DYLIB_INSTALL_NAME_BASE = "@rpath";
				ENABLE_BITCODE = YES;
				INFOPLIST_FILE = XYBluetoothKit/Info.plist;
				INSTALL_PATH = "$(LOCAL_LIBRARY_DIR)/Frameworks";
				IPHONEOS_DEPLOYMENT_TARGET = 8.0;
				LD_RUNPATH_SEARCH_PATHS = (
					"$(inherited)",
					"@executable_path/Frameworks",
					"@loader_path/Frameworks",
				);
				MACH_O_TYPE = staticlib;
				OTHER_CFLAGS = "-fembed-bitcode";
				PRODUCT_BUNDLE_IDENTIFIER = com.zhong.XYBluetoothKit;
				PRODUCT_NAME = "$(TARGET_NAME:c99extidentifier)";
				SKIP_INSTALL = YES;
				SWIFT_VERSION = 5.0;
				TARGETED_DEVICE_FAMILY = "1,2";
			};
			name = Debug;
		};
		27DCB284222C24FE00B209FB /* Release */ = {
			isa = XCBuildConfiguration;
			buildSettings = {
				CODE_SIGN_IDENTITY = "";
				CODE_SIGN_STYLE = Automatic;
				DEFINES_MODULE = YES;
				DEPLOYMENT_POSTPROCESSING = YES;
				DYLIB_COMPATIBILITY_VERSION = 1;
				DYLIB_CURRENT_VERSION = 1;
				DYLIB_INSTALL_NAME_BASE = "@rpath";
				ENABLE_BITCODE = YES;
				INFOPLIST_FILE = XYBluetoothKit/Info.plist;
				INSTALL_PATH = "$(LOCAL_LIBRARY_DIR)/Frameworks";
				IPHONEOS_DEPLOYMENT_TARGET = 8.0;
				LD_RUNPATH_SEARCH_PATHS = (
					"$(inherited)",
					"@executable_path/Frameworks",
					"@loader_path/Frameworks",
				);
				MACH_O_TYPE = staticlib;
				OTHER_CFLAGS = "-fembed-bitcode";
				PRODUCT_BUNDLE_IDENTIFIER = com.zhong.XYBluetoothKit;
				PRODUCT_NAME = "$(TARGET_NAME:c99extidentifier)";
				SKIP_INSTALL = YES;
				SWIFT_VERSION = 5.0;
				TARGETED_DEVICE_FAMILY = "1,2";
			};
			name = Release;
		};
/* End XCBuildConfiguration section */

/* Begin XCConfigurationList section */
		27DCB268222C24FE00B209FB /* Build configuration list for PBXProject "XYBluetoothKit" */ = {
			isa = XCConfigurationList;
			buildConfigurations = (
				27DCB280222C24FE00B209FB /* Debug */,
				27DCB281222C24FE00B209FB /* Release */,
			);
			defaultConfigurationIsVisible = 0;
			defaultConfigurationName = Release;
		};
		27DCB282222C24FE00B209FB /* Build configuration list for PBXNativeTarget "XYBluetoothKit" */ = {
			isa = XCConfigurationList;
			buildConfigurations = (
				27DCB283222C24FE00B209FB /* Debug */,
				27DCB284222C24FE00B209FB /* Release */,
			);
			defaultConfigurationIsVisible = 0;
			defaultConfigurationName = Release;
		};
/* End XCConfigurationList section */
	};
	rootObject = 27DCB265222C24FE00B209FB /* Project object */;
}
